
Microsoft Visual Studio Solution File, Format Version 12.00
# Visual Studio Version 17
VisualStudioVersion = 17.14.36203.30 d17.14
MinimumVisualStudioVersion = 10.0.40219.1
Project("{FAE04EC0-301F-11D3-BF4B-00C04F79EFBC}") = "Interactive Automation Script Dzenis", "Interactive Automation Script Dzenis\Interactive Automation Script Dzenis.csproj", "{14FDAB3E-4E71-4971-835B-4A1A617CA7DD}"
EndProject
Project("{2150E333-8FDC-42A3-9474-1A3956D46DE8}") = "Internal", "Internal", "{02EA681E-C7D8-13C7-8484-4AC65E1B71E8}"
EndProject
Project("{2150E333-8FDC-42A3-9474-1A3956D46DE8}") = "Code Analysis", "Code Analysis", "{FCE2C7CE-E01C-488D-B366-D95E722FC02A}"
	ProjectSection(SolutionItems) = preProject
		Internal\Code Analysis\qaction-debug.ruleset = Internal\Code Analysis\qaction-debug.ruleset
		Internal\Code Analysis\qaction-release.ruleset = Internal\Code Analysis\qaction-release.ruleset
		Internal\Code Analysis\stylecop.json = Internal\Code Analysis\stylecop.json
	EndProjectSection
EndProject
Global
	GlobalSection(SolutionConfigurationPlatforms) = preSolution
		Debug|Any CPU = Debug|Any CPU
		Release|Any CPU = Release|Any CPU
	EndGlobalSection
	GlobalSection(ProjectConfigurationPlatforms) = postSolution
		{14FDAB3E-4E71-4971-835B-4A1A617CA7DD}.Debug|Any CPU.ActiveCfg = Debug|Any CPU
		{14FDAB3E-4E71-4971-835B-4A1A617CA7DD}.Debug|Any CPU.Build.0 = Debug|Any CPU
		{14FDAB3E-4E71-4971-835B-4A1A617CA7DD}.Release|Any CPU.ActiveCfg = Release|Any CPU
		{14FDAB3E-4E71-4971-835B-4A1A617CA7DD}.Release|Any CPU.Build.0 = Release|Any CPU
	EndGlobalSection
	GlobalSection(SolutionProperties) = preSolution
		HideSolutionNode = FALSE
	EndGlobalSection
	GlobalSection(NestedProjects) = preSolution
		{FCE2C7CE-E01C-488D-B366-D95E722FC02A} = {02EA681E-C7D8-13C7-8484-4AC65E1B71E8}
	EndGlobalSection
	GlobalSection(ExtensibilityGlobals) = postSolution
		SolutionGuid = {F7C5D69F-0665-40BD-BA79-2FDBB8126A19}
	EndGlobalSection
EndGlobal
